GIT
  remote: https://github.com/archSeer/yard-mruby
  revision: e1112e6ee2ecae4ffcd8cb9f00ecad03b43a1803
  specs:
    yard-mruby (0.2.2)
      yard

GEM
  remote: https://rubygems.org/
  specs:
    byebug (9.0.5)
    coderay (1.1.0)
    ffi (1.9.10)
    formatador (0.2.5)
    guard (2.13.0)
      formatador (>= 0.2.4)
      listen (>= 2.7, <= 4.0)
      lumberjack (~> 1.0)
      nenv (~> 0.1)
      notiffany (~> 0.0)
      pry (>= 0.9.12)
      shellany (~> 0.0)
      thor (>= 0.18.1)
    listen (3.0.6)
      rb-fsevent (>= 0.9.3)
      rb-inotify (>= 0.9.7)
    lumberjack (1.0.10)
    method_source (0.8.2)
    nenv (0.3.0)
    notiffany (0.0.8)
      nenv (~> 0.1)
      shellany (~> 0.0)
    pry (0.10.3)
      coderay (~> 1.1.0)
      method_source (~> 0.8.1)
      slop (~> 3.4)
    rake (10.5.0)
    rb-fsevent (0.9.7)
    rb-inotify (0.9.7)
      ffi (>= 0.5.0)
    redcarpet (3.3.4)
    shellany (0.0.1)
    slop (3.6.0)
    thor (0.19.1)
    yard (0.9.0)

PLATFORMS
  ruby

DEPENDENCIES
  byebug
  guard
  rake
  redcarpet
  yard (~> 0.9.0)
  yard-mruby!

BUNDLED WITH
   1.12.3
